
Microsoft Visual Studio Solution File, Format Version 12.00
# Visual Studio Version 17
VisualStudioVersion = 17.14.36511.14 d17.14
MinimumVisualStudioVersion = 10.0.40219.1
Project("{FAE04EC0-301F-11D3-BF4B-00C04F79EFBC}") = "M17A_Prototipo_2025_26_12H", "M17A_Prototipo_2025_26_12H\M17A_Prototipo_2025_26_12H.csproj", "{F78C5D55-E61C-4C32-941A-24FE13EAA722}"
EndProject
Global
	GlobalSection(SolutionConfigurationPlatforms) = preSolution
		Debug|Any CPU = Debug|Any CPU
		Release|Any CPU = Release|Any CPU
	EndGlobalSection
	GlobalSection(ProjectConfigurationPlatforms) = postSolution
		{F78C5D55-E61C-4C32-941A-24FE13EAA722}.Debug|Any CPU.ActiveCfg = Debug|Any CPU
		{F78C5D55-E61C-4C32-941A-24FE13EAA722}.Debug|Any CPU.Build.0 = Debug|Any CPU
		{F78C5D55-E61C-4C32-941A-24FE13EAA722}.Release|Any CPU.ActiveCfg = Release|Any CPU
		{F78C5D55-E61C-4C32-941A-24FE13EAA722}.Release|Any CPU.Build.0 = Release|Any CPU
	EndGlobalSection
	GlobalSection(SolutionProperties) = preSolution
		HideSolutionNode = FALSE
	EndGlobalSection
	GlobalSection(ExtensibilityGlobals) = postSolution
		SolutionGuid = {ED993F78-2C6B-494B-B175-AD51F6024A88}
	EndGlobalSection
EndGlobal
